
Microsoft Visual Studio Solution File, Format Version 12.00
# Visual Studio Version 16
VisualStudioVersion = 16.0.29519.87
MinimumVisualStudioVersion = 10.0.40219.1
Project("{9A19103F-16F7-4668-BE54-9A1E7A4F7556}") = "PictureRenamer", "PictureRenamer\PictureRenamer.csproj", "{3E80EE86-792F-4650-B8E4-CF8D90BC451D}"
EndProject
Project("{FAE04EC0-301F-11D3-BF4B-00C04F79EFBC}") = "PictureRenamerWithHangfire", "PictureRenamerWithHangfire\PictureRenamerWithHangfire.csproj", "{2ECC7338-F83D-4C66-872B-44D8498F8DCC}"
EndProject
Global
	GlobalSection(SolutionConfigurationPlatforms) = preSolution
		Debug|Any CPU = Debug|Any CPU
		Release|Any CPU = Release|Any CPU
	EndGlobalSection
	GlobalSection(ProjectConfigurationPlatforms) = postSolution
		{3E80EE86-792F-4650-B8E4-CF8D90BC451D}.Debug|Any CPU.ActiveCfg = Debug|Any CPU
		{3E80EE86-792F-4650-B8E4-CF8D90BC451D}.Debug|Any CPU.Build.0 = Debug|Any CPU
		{3E80EE86-792F-4650-B8E4-CF8D90BC451D}.Release|Any CPU.ActiveCfg = Release|Any CPU
		{3E80EE86-792F-4650-B8E4-CF8D90BC451D}.Release|Any CPU.Build.0 = Release|Any CPU
		{2ECC7338-F83D-4C66-872B-44D8498F8DCC}.Debug|Any CPU.ActiveCfg = Debug|Any CPU
		{2ECC7338-F83D-4C66-872B-44D8498F8DCC}.Debug|Any CPU.Build.0 = Debug|Any CPU
		{2ECC7338-F83D-4C66-872B-44D8498F8DCC}.Release|Any CPU.ActiveCfg = Release|Any CPU
		{2ECC7338-F83D-4C66-872B-44D8498F8DCC}.Release|Any CPU.Build.0 = Release|Any CPU
	EndGlobalSection
	GlobalSection(SolutionProperties) = preSolution
		HideSolutionNode = FALSE
	EndGlobalSection
	GlobalSection(ExtensibilityGlobals) = postSolution
		SolutionGuid = {5E68438F-3494-4124-A1D4-35EEF3B7DFFA}
	EndGlobalSection
EndGlobal
